
Microsoft Visual Studio Solution File, Format Version 12.00
# Visual Studio Version 16
VisualStudioVersion = 16.0.29020.237
MinimumVisualStudioVersion = 10.0.40219.1
Project("{FAE04EC0-301F-11D3-BF4B-00C04F79EFBC}") = "Combis.Backend", "Combis.Backend\Combis.Backend.csproj", "{4C8C5FF5-C8BF-45D5-8A0A-EF1C12A12479}"
EndProject
Project("{FAE04EC0-301F-11D3-BF4B-00C04F79EFBC}") = "Combis.Backend.Tests", "Combis.Backend.Tests\Combis.Backend.Tests.csproj", "{E10DD2FF-820F-46CC-AA75-4A6ED7BD3E28}"
EndProject
Global
	GlobalSection(SolutionConfigurationPlatforms) = preSolution
		Debug|Any CPU = Debug|Any CPU
		Release|Any CPU = Release|Any CPU
	EndGlobalSection
	GlobalSection(ProjectConfigurationPlatforms) = postSolution
		{4C8C5FF5-C8BF-45D5-8A0A-EF1C12A12479}.Debug|Any CPU.ActiveCfg = Debug|Any CPU
		{4C8C5FF5-C8BF-45D5-8A0A-EF1C12A12479}.Debug|Any CPU.Build.0 = Debug|Any CPU
		{4C8C5FF5-C8BF-45D5-8A0A-EF1C12A12479}.Release|Any CPU.ActiveCfg = Release|Any CPU
		{4C8C5FF5-C8BF-45D5-8A0A-EF1C12A12479}.Release|Any CPU.Build.0 = Release|Any CPU
		{E10DD2FF-820F-46CC-AA75-4A6ED7BD3E28}.Debug|Any CPU.ActiveCfg = Debug|Any CPU
		{E10DD2FF-820F-46CC-AA75-4A6ED7BD3E28}.Debug|Any CPU.Build.0 = Debug|Any CPU
		{E10DD2FF-820F-46CC-AA75-4A6ED7BD3E28}.Release|Any CPU.ActiveCfg = Release|Any CPU
		{E10DD2FF-820F-46CC-AA75-4A6ED7BD3E28}.Release|Any CPU.Build.0 = Release|Any CPU
	EndGlobalSection
	GlobalSection(SolutionProperties) = preSolution
		HideSolutionNode = FALSE
	EndGlobalSection
	GlobalSection(ExtensibilityGlobals) = postSolution
		SolutionGuid = {B41C59AC-D0C0-4664-A5BD-8CB643141E2E}
	EndGlobalSection
EndGlobal
